
Microsoft Visual Studio Solution File, Format Version 12.00
# Visual Studio Version 16
VisualStudioVersion = 16.0.29318.209
MinimumVisualStudioVersion = 10.0.40219.1
Project("{F184B08F-C81C-45F6-A57F-5ABD9991F28F}") = "SAA AP", "SAA AP.vbproj", "{90FC701F-4125-4A75-A750-6CA7003898FB}"
EndProject
Global
	GlobalSection(SolutionConfigurationPlatforms) = preSolution
		Debug|Any CPU = Debug|Any CPU
		Release|Any CPU = Release|Any CPU
	EndGlobalSection
	GlobalSection(ProjectConfigurationPlatforms) = postSolution
		{90FC701F-4125-4A75-A750-6CA7003898FB}.Debug|Any CPU.ActiveCfg = Debug|Any CPU
		{90FC701F-4125-4A75-A750-6CA7003898FB}.Debug|Any CPU.Build.0 = Debug|Any CPU
		{90FC701F-4125-4A75-A750-6CA7003898FB}.Release|Any CPU.ActiveCfg = Release|Any CPU
		{90FC701F-4125-4A75-A750-6CA7003898FB}.Release|Any CPU.Build.0 = Release|Any CPU
	EndGlobalSection
	GlobalSection(SolutionProperties) = preSolution
		HideSolutionNode = FALSE
	EndGlobalSection
	GlobalSection(ExtensibilityGlobals) = postSolution
		SolutionGuid = {BAEE237A-8902-46B7-A655-C8F9669B6470}
	EndGlobalSection
EndGlobal
